
Microsoft Visual Studio Solution File, Format Version 12.00
# Visual Studio Version 16
VisualStudioVersion = 16.0.31702.278
MinimumVisualStudioVersion = 10.0.40219.1
Project("{888888A0-9F3D-457C-B088-3A5042F75D52}") = "2d survivging game", "2d survivging game\2d survivging game.pyproj", "{13391FD8-A863-4293-BB3B-B2FFA1E48422}"
EndProject
Global
	GlobalSection(SolutionConfigurationPlatforms) = preSolution
		Debug|Any CPU = Debug|Any CPU
		Release|Any CPU = Release|Any CPU
	EndGlobalSection
	GlobalSection(ProjectConfigurationPlatforms) = postSolution
		{13391FD8-A863-4293-BB3B-B2FFA1E48422}.Debug|Any CPU.ActiveCfg = Debug|Any CPU
		{13391FD8-A863-4293-BB3B-B2FFA1E48422}.Release|Any CPU.ActiveCfg = Release|Any CPU
	EndGlobalSection
	GlobalSection(SolutionProperties) = preSolution
		HideSolutionNode = FALSE
	EndGlobalSection
	GlobalSection(ExtensibilityGlobals) = postSolution
		SolutionGuid = {83925CE3-9EC6-4272-BFCF-A2164CFFBD82}
	EndGlobalSection
EndGlobal
